// !$*UTF8*$!
{
	archiveVersion = 1;
	classes = {
	};
	objectVersion = 46;
	objects = {

/* Begin PBXBuildFile section */
		731F6F8B15064646001A82DA /* CoreData.framework in Frameworks */ = {isa = PBXBuildFile; fileRef = 731F6F8A15064646001A82DA /* CoreData.framework */; };
		731F6F8D15064906001A82DA /* NKDetailViewController.m in Sources */ = {isa = PBXBuildFile; fileRef = D253085C150562E400B1CAAF /* NKDetailViewController.m */; };
		734E95DC150A1C7300B686A6 /* NKEvent.m in Sources */ = {isa = PBXBuildFile; fileRef = 734E95DB150A1C7200B686A6 /* NKEvent.m */; };
		737B4CE41507A283001928AB /* AppledocSettings.plist in Resources */ = {isa = PBXBuildFile; fileRef = 737B4CE31507A283001928AB /* AppledocSettings.plist */; };
		737B4DBF1507C4FE001928AB /* README.markdown in Resources */ = {isa = PBXBuildFile; fileRef = 737B4DBE1507C4FE001928AB /* README.markdown */; };
		738095651508C93C008FCE87 /* add-to-cloud.png in Resources */ = {isa = PBXBuildFile; fileRef = 738094FF1508C93C008FCE87 /* add-to-cloud.png */; };
		738095661508C93C008FCE87 /* add-to-cloud@2x.png in Resources */ = {isa = PBXBuildFile; fileRef = 738095001508C93C008FCE87 /* add-to-cloud@2x.png */; };
		738095671508C93C008FCE87 /* airplane.png in Resources */ = {isa = PBXBuildFile; fileRef = 738095011508C93C008FCE87 /* airplane.png */; };
		738095681508C93C008FCE87 /* airplane@2x.png in Resources */ = {isa = PBXBuildFile; fileRef = 738095021508C93C008FCE87 /* airplane@2x.png */; };
		738095691508C93C008FCE87 /* atm-card.png in Resources */ = {isa = PBXBuildFile; fileRef = 738095031508C93C008FCE87 /* atm-card.png */; };
		7380956A1508C93C008FCE87 /* atm-card@2x.png in Resources */ = {isa = PBXBuildFile; fileRef = 738095041508C93C008FCE87 /* atm-card@2x.png */; };
		7380956B1508C93C008FCE87 /* bookmark.png in Resources */ = {isa = PBXBuildFile; fileRef = 738095051508C93C008FCE87 /* bookmark.png */; };
		7380956C1508C93C008FCE87 /* bookmark@2x.png in Resources */ = {isa = PBXBuildFile; fileRef = 738095061508C93C008FCE87 /* bookmark@2x.png */; };
		7380956D1508C93C008FCE87 /* breifcase.png in Resources */ = {isa = PBXBuildFile; fileRef = 738095071508C93C008FCE87 /* breifcase.png */; };
		7380956E1508C93C008FCE87 /* breifcase@2x.png in Resources */ = {isa = PBXBuildFile; fileRef = 738095081508C93C008FCE87 /* breifcase@2x.png */; };
		7380956F1508C93C008FCE87 /* brightness.png in Resources */ = {isa = PBXBuildFile; fileRef = 738095091508C93C008FCE87 /* brightness.png */; };
		738095701508C93C008FCE87 /* brightness@2x.png in Resources */ = {isa = PBXBuildFile; fileRef = 7380950A1508C93C008FCE87 /* brightness@2x.png */; };
		738095711508C93C008FCE87 /* calendar-day-of-week.png in Resources */ = {isa = PBXBuildFile; fileRef = 7380950B1508C93C008FCE87 /* calendar-day-of-week.png */; };
		738095721508C93C008FCE87 /* calendar-day-of-week@2x.png in Resources */ = {isa = PBXBuildFile; fileRef = 7380950C1508C93C008FCE87 /* calendar-day-of-week@2x.png */; };
		738095731508C93C008FCE87 /* calendar-day.png in Resources */ = {isa = PBXBuildFile; fileRef = 7380950D1508C93C008FCE87 /* calendar-day.png */; };
		738095741508C93C008FCE87 /* calendar-day@2x.png in Resources */ = {isa = PBXBuildFile; fileRef = 7380950E1508C93C008FCE87 /* calendar-day@2x.png */; };
		738095751508C93C008FCE87 /* calendar-month.png in Resources */ = {isa = PBXBuildFile; fileRef = 7380950F1508C93C008FCE87 /* calendar-month.png */; };
		738095761508C93C008FCE87 /* calendar-month@2x.png in Resources */ = {isa = PBXBuildFile; fileRef = 738095101508C93C008FCE87 /* calendar-month@2x.png */; };
		738095771508C93C008FCE87 /* calendar-week.png in Resources */ = {isa = PBXBuildFile; fileRef = 738095111508C93C008FCE87 /* calendar-week.png */; };
		738095781508C93C008FCE87 /* calendar-week@2x.png in Resources */ = {isa = PBXBuildFile; fileRef = 738095121508C93C008FCE87 /* calendar-week@2x.png */; };
		738095791508C93C008FCE87 /* chat.png in Resources */ = {isa = PBXBuildFile; fileRef = 738095131508C93C008FCE87 /* chat.png */; };
		7380957A1508C93C008FCE87 /* chat@2x.png in Resources */ = {isa = PBXBuildFile; fileRef = 738095141508C93C008FCE87 /* chat@2x.png */; };
		7380957B1508C93C008FCE87 /* chats.png in Resources */ = {isa = PBXBuildFile; fileRef = 738095151508C93C008FCE87 /* chats.png */; };
		7380957C1508C93C008FCE87 /* chats@2x.png in Resources */ = {isa = PBXBuildFile; fileRef = 738095161508C93C008FCE87 /* chats@2x.png */; };
		7380957D1508C93C008FCE87 /* checkmark.png in Resources */ = {isa = PBXBuildFile; fileRef = 738095171508C93C008FCE87 /* checkmark.png */; };
		7380957E1508C93C008FCE87 /* checkmark@2x.png in Resources */ = {isa = PBXBuildFile; fileRef = 738095181508C93C008FCE87 /* checkmark@2x.png */; };
		7380957F1508C93C008FCE87 /* clipboard.png in Resources */ = {isa = PBXBuildFile; fileRef = 738095191508C93C008FCE87 /* clipboard.png */; };
		738095801508C93C008FCE87 /* clipboard@2x.png in Resources */ = {isa = PBXBuildFile; fileRef = 7380951A1508C93C008FCE87 /* clipboard@2x.png */; };
		738095811508C93C008FCE87 /* clock.png in Resources */ = {isa = PBXBuildFile; fileRef = 7380951B1508C93C008FCE87 /* clock.png */; };
		738095821508C93C008FCE87 /* clock@2x.png in Resources */ = {isa = PBXBuildFile; fileRef = 7380951C1508C93C008FCE87 /* clock@2x.png */; };
		738095831508C93C008FCE87 /* closed-mail.png in Resources */ = {isa = PBXBuildFile; fileRef = 7380951D1508C93C008FCE87 /* closed-mail.png */; };
		738095841508C93C008FCE87 /* closed-mail@2x.png in Resources */ = {isa = PBXBuildFile; fileRef = 7380951E1508C93C008FCE87 /* closed-mail@2x.png */; };
		738095851508C93C008FCE87 /* cloud.png in Resources */ = {isa = PBXBuildFile; fileRef = 7380951F1508C93C008FCE87 /* cloud.png */; };
		738095861508C93C008FCE87 /* cloud@2x.png in Resources */ = {isa = PBXBuildFile; fileRef = 738095201508C93C008FCE87 /* cloud@2x.png */; };
		738095871508C93C008FCE87 /* contrast.png in Resources */ = {isa = PBXBuildFile; fileRef = 738095211508C93C008FCE87 /* contrast.png */; };
		738095881508C93C008FCE87 /* contrast@2x.png in Resources */ = {isa = PBXBuildFile; fileRef = 738095221508C93C008FCE87 /* contrast@2x.png */; };
		738095891508C93C008FCE87 /* crop.png in Resources */ = {isa = PBXBuildFile; fileRef = 738095231508C93C008FCE87 /* crop.png */; };
		7380958A1508C93C008FCE87 /* crop@2x.png in Resources */ = {isa = PBXBuildFile; fileRef = 738095241508C93C008FCE87 /* crop@2x.png */; };
		7380958B1508C93C008FCE87 /* cut.png in Resources */ = {isa = PBXBuildFile; fileRef = 738095251508C93C008FCE87 /* cut.png */; };
		7380958C1508C93C008FCE87 /* cut@2x.png in Resources */ = {isa = PBXBuildFile; fileRef = 738095261508C93C008FCE87 /* cut@2x.png */; };
		7380958D1508C93C008FCE87 /* film-roll.png in Resources */ = {isa = PBXBuildFile; fileRef = 738095271508C93C008FCE87 /* film-roll.png */; };
		7380958E1508C93C008FCE87 /* film-roll@2x.png in Resources */ = {isa = PBXBuildFile; fileRef = 738095281508C93C008FCE87 /* film-roll@2x.png */; };
		7380958F1508C93C008FCE87 /* folder.png in Resources */ = {isa = PBXBuildFile; fileRef = 738095291508C93C008FCE87 /* folder.png */; };
		738095901508C93C008FCE87 /* folder@2x.png in Resources */ = {isa = PBXBuildFile; fileRef = 7380952A1508C93C008FCE87 /* folder@2x.png */; };
		738095911508C93C008FCE87 /* gear.png in Resources */ = {isa = PBXBuildFile; fileRef = 7380952B1508C93C008FCE87 /* gear.png */; };
		738095921508C93C008FCE87 /* gear@2x.png in Resources */ = {isa = PBXBuildFile; fileRef = 7380952C1508C93C008FCE87 /* gear@2x.png */; };
		738095931508C93C008FCE87 /* go-light.png in Resources */ = {isa = PBXBuildFile; fileRef = 7380952D1508C93C008FCE87 /* go-light.png */; };
		738095941508C93C008FCE87 /* go-light@2x.png in Resources */ = {isa = PBXBuildFile; fileRef = 7380952E1508C93C008FCE87 /* go-light@2x.png */; };
		738095951508C93C008FCE87 /* grocery-bag.png in Resources */ = {isa = PBXBuildFile; fileRef = 7380952F1508C93C008FCE87 /* grocery-bag.png */; };
		738095961508C93C008FCE87 /* grocery-bag@2x.png in Resources */ = {isa = PBXBuildFile; fileRef = 738095301508C93C008FCE87 /* grocery-bag@2x.png */; };
		738095971508C93C008FCE87 /* key.png in Resources */ = {isa = PBXBuildFile; fileRef = 738095311508C93C008FCE87 /* key.png */; };
		738095981508C93C008FCE87 /* key@2x.png in Resources */ = {isa = PBXBuildFile; fileRef = 738095321508C93C008FCE87 /* key@2x.png */; };
		738095991508C93C008FCE87 /* license.png in Resources */ = {isa = PBXBuildFile; fileRef = 738095331508C93C008FCE87 /* license.png */; };
		7380959A1508C93C008FCE87 /* license@2x.png in Resources */ = {isa = PBXBuildFile; fileRef = 738095341508C93C008FCE87 /* license@2x.png */; };
		7380959B1508C93C008FCE87 /* link.png in Resources */ = {isa = PBXBuildFile; fileRef = 738095351508C93C008FCE87 /* link.png */; };
		7380959C1508C93C008FCE87 /* link@2x.png in Resources */ = {isa = PBXBuildFile; fileRef = 738095361508C93C008FCE87 /* link@2x.png */; };
		7380959D1508C93C008FCE87 /* lock.png in Resources */ = {isa = PBXBuildFile; fileRef = 738095371508C93C008FCE87 /* lock.png */; };
		7380959E1508C93C008FCE87 /* lock@2x.png in Resources */ = {isa = PBXBuildFile; fileRef = 738095381508C93C008FCE87 /* lock@2x.png */; };
		7380959F1508C93C008FCE87 /* marker.png in Resources */ = {isa = PBXBuildFile; fileRef = 738095391508C93C008FCE87 /* marker.png */; };
		738095A01508C93C008FCE87 /* marker@2x.png in Resources */ = {isa = PBXBuildFile; fileRef = 7380953A1508C93C008FCE87 /* marker@2x.png */; };
		738095A11508C93C008FCE87 /* microphone.png in Resources */ = {isa = PBXBuildFile; fileRef = 7380953B1508C93C008FCE87 /* microphone.png */; };
		738095A21508C93C008FCE87 /* microphone@2x.png in Resources */ = {isa = PBXBuildFile; fileRef = 7380953C1508C93C008FCE87 /* microphone@2x.png */; };
		738095A31508C93C008FCE87 /* monitor.png in Resources */ = {isa = PBXBuildFile; fileRef = 7380953D1508C93C008FCE87 /* monitor.png */; };
		738095A41508C93C008FCE87 /* monitor@2x.png in Resources */ = {isa = PBXBuildFile; fileRef = 7380953E1508C93C008FCE87 /* monitor@2x.png */; };
		738095A51508C93C008FCE87 /* movie.png in Resources */ = {isa = PBXBuildFile; fileRef = 7380953F1508C93C008FCE87 /* movie.png */; };
		738095A61508C93C008FCE87 /* movie@2x.png in Resources */ = {isa = PBXBuildFile; fileRef = 738095401508C93C008FCE87 /* movie@2x.png */; };
		738095A71508C93C008FCE87 /* music.png in Resources */ = {isa = PBXBuildFile; fileRef = 738095411508C93C008FCE87 /* music.png */; };
		738095A81508C93C008FCE87 /* music@2x.png in Resources */ = {isa = PBXBuildFile; fileRef = 738095421508C93C008FCE87 /* music@2x.png */; };
		738095A91508C93C008FCE87 /* open-mail.png in Resources */ = {isa = PBXBuildFile; fileRef = 738095431508C93C008FCE87 /* open-mail.png */; };
		738095AA1508C93C008FCE87 /* open-mail@2x.png in Resources */ = {isa = PBXBuildFile; fileRef = 738095441508C93C008FCE87 /* open-mail@2x.png */; };
		738095AB1508C93C008FCE87 /* paste.png in Resources */ = {isa = PBXBuildFile; fileRef = 738095451508C93C008FCE87 /* paste.png */; };
		738095AC1508C93C008FCE87 /* paste@2x.png in Resources */ = {isa = PBXBuildFile; fileRef = 738095461508C93C008FCE87 /* paste@2x.png */; };
		738095AD1508C93C008FCE87 /* picture.png in Resources */ = {isa = PBXBuildFile; fileRef = 738095471508C93C008FCE87 /* picture.png */; };
		738095AE1508C93C008FCE87 /* picture@2x.png in Resources */ = {isa = PBXBuildFile; fileRef = 738095481508C93C008FCE87 /* picture@2x.png */; };
		738095AF1508C93C008FCE87 /* polaroid.png in Resources */ = {isa = PBXBuildFile; fileRef = 738095491508C93C008FCE87 /* polaroid.png */; };
		738095B01508C93C008FCE87 /* polaroid@2x.png in Resources */ = {isa = PBXBuildFile; fileRef = 7380954A1508C93C008FCE87 /* polaroid@2x.png */; };
		738095B11508C93C008FCE87 /* portfolio.png in Resources */ = {isa = PBXBuildFile; fileRef = 7380954B1508C93C008FCE87 /* portfolio.png */; };
		738095B21508C93C008FCE87 /* portfolio@2x.png in Resources */ = {isa = PBXBuildFile; fileRef = 7380954C1508C93C008FCE87 /* portfolio@2x.png */; };
		738095B31508C93C008FCE87 /* radio-tower.png in Resources */ = {isa = PBXBuildFile; fileRef = 7380954D1508C93C008FCE87 /* radio-tower.png */; };
		738095B41508C93C008FCE87 /* radio-tower@2x.png in Resources */ = {isa = PBXBuildFile; fileRef = 7380954E1508C93C008FCE87 /* radio-tower@2x.png */; };
		738095B51508C93C008FCE87 /* radio.png in Resources */ = {isa = PBXBuildFile; fileRef = 7380954F1508C93C008FCE87 /* radio.png */; };
		738095B61508C93C008FCE87 /* radio@2x.png in Resources */ = {isa = PBXBuildFile; fileRef = 738095501508C93C008FCE87 /* radio@2x.png */; };
		738095B71508C93C008FCE87 /* remove-from-cloud.png in Resources */ = {isa = PBXBuildFile; fileRef = 738095511508C93C008FCE87 /* remove-from-cloud.png */; };
		738095B81508C93C008FCE87 /* remove-from-cloud@2x.png in Resources */ = {isa = PBXBuildFile; fileRef = 738095521508C93C008FCE87 /* remove-from-cloud@2x.png */; };
		738095B91508C93C008FCE87 /* scanner.png in Resources */ = {isa = PBXBuildFile; fileRef = 738095531508C93C008FCE87 /* scanner.png */; };
		738095BA1508C93C008FCE87 /* scanner@2x.png in Resources */ = {isa = PBXBuildFile; fileRef = 738095541508C93C008FCE87 /* scanner@2x.png */; };
		738095BB1508C93C008FCE87 /* shopping-bag.png in Resources */ = {isa = PBXBuildFile; fileRef = 738095551508C93C008FCE87 /* shopping-bag.png */; };
		738095BC1508C93C008FCE87 /* shopping-bag@2x.png in Resources */ = {isa = PBXBuildFile; fileRef = 738095561508C93C008FCE87 /* shopping-bag@2x.png */; };
		738095BD1508C93C008FCE87 /* stop-light.png in Resources */ = {isa = PBXBuildFile; fileRef = 738095571508C93C008FCE87 /* stop-light.png */; };
		738095BE1508C93C008FCE87 /* stop-light@2x.png in Resources */ = {isa = PBXBuildFile; fileRef = 738095581508C93C008FCE87 /* stop-light@2x.png */; };
		738095BF1508C93C008FCE87 /* tag.png in Resources */ = {isa = PBXBuildFile; fileRef = 738095591508C93C008FCE87 /* tag.png */; };
		738095C01508C93C008FCE87 /* tag@2x.png in Resources */ = {isa = PBXBuildFile; fileRef = 7380955A1508C93C008FCE87 /* tag@2x.png */; };
		738095C11508C93C008FCE87 /* tools.png in Resources */ = {isa = PBXBuildFile; fileRef = 7380955B1508C93C008FCE87 /* tools.png */; };
		738095C21508C93C008FCE87 /* tools@2x.png in Resources */ = {isa = PBXBuildFile; fileRef = 7380955C1508C93C008FCE87 /* tools@2x.png */; };
		738095C31508C93C008FCE87 /* tv.png in Resources */ = {isa = PBXBuildFile; fileRef = 7380955D1508C93C008FCE87 /* tv.png */; };
		738095C41508C93C008FCE87 /* tv@2x.png in Resources */ = {isa = PBXBuildFile; fileRef = 7380955E1508C93C008FCE87 /* tv@2x.png */; };
		738095C51508C93C008FCE87 /* unlocked.png in Resources */ = {isa = PBXBuildFile; fileRef = 7380955F1508C93C008FCE87 /* unlocked.png */; };
		738095C61508C93C008FCE87 /* unlocked@2x.png in Resources */ = {isa = PBXBuildFile; fileRef = 738095601508C93C008FCE87 /* unlocked@2x.png */; };
		738095C71508C93C008FCE87 /* wallet.png in Resources */ = {isa = PBXBuildFile; fileRef = 738095611508C93C008FCE87 /* wallet.png */; };
		738095C81508C93C008FCE87 /* wallet@2x.png in Resources */ = {isa = PBXBuildFile; fileRef = 738095621508C93C008FCE87 /* wallet@2x.png */; };
		738095C91508C93C008FCE87 /* widescreen.png in Resources */ = {isa = PBXBuildFile; fileRef = 738095631508C93C008FCE87 /* widescreen.png */; };
		738095CA1508C93C008FCE87 /* widescreen@2x.png in Resources */ = {isa = PBXBuildFile; fileRef = 738095641508C93C008FCE87 /* widescreen@2x.png */; };
		73BCAEE5150A5F0600D71998 /* NKMaster.m in Sources */ = {isa = PBXBuildFile; fileRef = 73BCAEE4150A5F0600D71998 /* NKMaster.m */; };
		73FA695B15064DE00064B6E4 /* NKDetailViewController~iphone.xib in Resources */ = {isa = PBXBuildFile; fileRef = D253085F150562E400B1CAAF /* NKDetailViewController~iphone.xib */; };
		73FA695C15064DE30064B6E4 /* NKDetailViewController~ipad.xib in Resources */ = {isa = PBXBuildFile; fileRef = D2530860150562E400B1CAAF /* NKDetailViewController~ipad.xib */; };
		D257B26D1505518F001DBDCB /* UIKit.framework in Frameworks */ = {isa = PBXBuildFile; fileRef = D257B26C1505518F001DBDCB /* UIKit.framework */; };
		D257B26F1505518F001DBDCB /* Foundation.framework in Frameworks */ = {isa = PBXBuildFile; fileRef = D257B26E1505518F001DBDCB /* Foundation.framework */; };
		D257B2711505518F001DBDCB /* CoreGraphics.framework in Frameworks */ = {isa = PBXBuildFile; fileRef = D257B2701505518F001DBDCB /* CoreGraphics.framework */; };
		D257B2771505518F001DBDCB /* InfoPlist.strings in Resources */ = {isa = PBXBuildFile; fileRef = D257B2751505518F001DBDCB /* InfoPlist.strings */; };
		D257B2791505518F001DBDCB /* main.m in Sources */ = {isa = PBXBuildFile; fileRef = D257B2781505518F001DBDCB /* main.m */; };
		D257B27D1505518F001DBDCB /* NKAppDelegate.m in Sources */ = {isa = PBXBuildFile; fileRef = D257B27C1505518F001DBDCB /* NKAppDelegate.m */; };
		D257B2801505518F001DBDCB /* NKMasterViewController.m in Sources */ = {isa = PBXBuildFile; fileRef = D257B27F1505518F001DBDCB /* NKMasterViewController.m */; };
		D257B2871505518F001DBDCB /* NKViewController.m in Sources */ = {isa = PBXBuildFile; fileRef = D257B2861505518F001DBDCB /* NKViewController.m */; };
		D257B28E1505518F001DBDCB /* NKMasterViewController~iphone.xib in Resources */ = {isa = PBXBuildFile; fileRef = D257B28C1505518F001DBDCB /* NKMasterViewController~iphone.xib */; };
		D257B2911505518F001DBDCB /* NKMasterViewController~ipad.xib in Resources */ = {isa = PBXBuildFile; fileRef = D257B28F1505518F001DBDCB /* NKMasterViewController~ipad.xib */; };
		D257B2941505518F001DBDCB /* NKViewController~iphone.xib in Resources */ = {isa = PBXBuildFile; fileRef = D257B2921505518F001DBDCB /* NKViewController~iphone.xib */; };
		D257B2971505518F001DBDCB /* NKViewController~ipad.xib in Resources */ = {isa = PBXBuildFile; fileRef = D257B2951505518F001DBDCB /* NKViewController~ipad.xib */; };
		D257B29F15055190001DBDCB /* SenTestingKit.framework in Frameworks */ = {isa = PBXBuildFile; fileRef = D257B29E15055190001DBDCB /* SenTestingKit.framework */; };
		D257B2A015055190001DBDCB /* UIKit.framework in Frameworks */ = {isa = PBXBuildFile; fileRef = D257B26C1505518F001DBDCB /* UIKit.framework */; };
		D257B2A115055190001DBDCB /* Foundation.framework in Frameworks */ = {isa = PBXBuildFile; fileRef = D257B26E1505518F001DBDCB /* Foundation.framework */; };
		D257B2A915055190001DBDCB /* InfoPlist.strings in Resources */ = {isa = PBXBuildFile; fileRef = D257B2A715055190001DBDCB /* InfoPlist.strings */; };
		D257B2AC15055190001DBDCB /* NKTabSplitTests.m in Sources */ = {isa = PBXBuildFile; fileRef = D257B2AB15055190001DBDCB /* NKTabSplitTests.m */; };
		D257B2BA150551E2001DBDCB /* MainWindow~iphone.xib in Resources */ = {isa = PBXBuildFile; fileRef = D257B2B9150551E2001DBDCB /* MainWindow~iphone.xib */; };
		D257B2BC1505520C001DBDCB /* MainWindow~ipad.xib in Resources */ = {isa = PBXBuildFile; fileRef = D257B2BB1505520C001DBDCB /* MainWindow~ipad.xib */; };
		D2CDF97E1506F1FF00E9326F /* NKData.xcdatamodeld in Sources */ = {isa = PBXBuildFile; fileRef = D2CDF97C1506F1FF00E9326F /* NKData.xcdatamodeld */; };
/* End PBXBuildFile section */

/* Begin PBXContainerItemProxy section */
		D257B2A215055190001DBDCB /* PBXContainerItemProxy */ = {
			isa = PBXContainerItemProxy;
			containerPortal = D257B25F1505518F001DBDCB /* Project object */;
			proxyType = 1;
			remoteGlobalIDString = D257B2671505518F001DBDCB;
			remoteInfo = Template;
		};
/* End PBXContainerItemProxy section */

/* Begin PBXFileReference section */
		731F6F8A15064646001A82DA /* CoreData.framework */ = {isa = PBXFileReference; lastKnownFileType = wrapper.framework; name = CoreData.framework; path = System/Library/Frameworks/CoreData.framework; sourceTree = SDKROOT; };
		734E95DA150A1C7200B686A6 /* NKEvent.h */ = {isa = PBXFileReference; fileEncoding = 4; lastKnownFileType = sourcecode.c.h; path = NKEvent.h; sourceTree = "<group>"; };
		734E95DB150A1C7200B686A6 /* NKEvent.m */ = {isa = PBXFileReference; fileEncoding = 4; lastKnownFileType = sourcecode.c.objc; path = NKEvent.m; sourceTree = "<group>"; };
		737B4CE31507A283001928AB /* AppledocSettings.plist */ = {isa = PBXFileReference; fileEncoding = 4; lastKnownFileType = text.plist.xml; path = AppledocSettings.plist; sourceTree = SOURCE_ROOT; };
		737B4DBE1507C4FE001928AB /* README.markdown */ = {isa = PBXFileReference; fileEncoding = 4; lastKnownFileType = text; path = README.markdown; sourceTree = SOURCE_ROOT; };
		738094FF1508C93C008FCE87 /* add-to-cloud.png */ = {isa = PBXFileReference; lastKnownFileType = image.png; path = "add-to-cloud.png"; sourceTree = "<group>"; };
		738095001508C93C008FCE87 /* add-to-cloud@2x.png */ = {isa = PBXFileReference; lastKnownFileType = image.png; path = "add-to-cloud@2x.png"; sourceTree = "<group>"; };
		738095011508C93C008FCE87 /* airplane.png */ = {isa = PBXFileReference; lastKnownFileType = image.png; path = airplane.png; sourceTree = "<group>"; };
		738095021508C93C008FCE87 /* airplane@2x.png */ = {isa = PBXFileReference; lastKnownFileType = image.png; path = "airplane@2x.png"; sourceTree = "<group>"; };
		738095031508C93C008FCE87 /* atm-card.png */ = {isa = PBXFileReference; lastKnownFileType = image.png; path = "atm-card.png"; sourceTree = "<group>"; };
		738095041508C93C008FCE87 /* atm-card@2x.png */ = {isa = PBXFileReference; lastKnownFileType = image.png; path = "atm-card@2x.png"; sourceTree = "<group>"; };
		738095051508C93C008FCE87 /* bookmark.png */ = {isa = PBXFileReference; lastKnownFileType = image.png; path = bookmark.png; sourceTree = "<group>"; };
		738095061508C93C008FCE87 /* bookmark@2x.png */ = {isa = PBXFileReference; lastKnownFileType = image.png; path = "bookmark@2x.png"; sourceTree = "<group>"; };
		738095071508C93C008FCE87 /* breifcase.png */ = {isa = PBXFileReference; lastKnownFileType = image.png; path = breifcase.png; sourceTree = "<group>"; };
		738095081508C93C008FCE87 /* breifcase@2x.png */ = {isa = PBXFileReference; lastKnownFileType = image.png; path = "breifcase@2x.png"; sourceTree = "<group>"; };
		738095091508C93C008FCE87 /* brightness.png */ = {isa = PBXFileReference; lastKnownFileType = image.png; path = brightness.png; sourceTree = "<group>"; };
		7380950A1508C93C008FCE87 /* brightness@2x.png */ = {isa = PBXFileReference; lastKnownFileType = image.png; path = "brightness@2x.png"; sourceTree = "<group>"; };
		7380950B1508C93C008FCE87 /* calendar-day-of-week.png */ = {isa = PBXFileReference; lastKnownFileType = image.png; path = "calendar-day-of-week.png"; sourceTree = "<group>"; };
		7380950C1508C93C008FCE87 /* calendar-day-of-week@2x.png */ = {isa = PBXFileReference; lastKnownFileType = image.png; path = "calendar-day-of-week@2x.png"; sourceTree = "<group>"; };
		7380950D1508C93C008FCE87 /* calendar-day.png */ = {isa = PBXFileReference; lastKnownFileType = image.png; path = "calendar-day.png"; sourceTree = "<group>"; };
		7380950E1508C93C008FCE87 /* calendar-day@2x.png */ = {isa = PBXFileReference; lastKnownFileType = image.png; path = "calendar-day@2x.png"; sourceTree = "<group>"; };
		7380950F1508C93C008FCE87 /* calendar-month.png */ = {isa = PBXFileReference; lastKnownFileType = image.png; path = "calendar-month.png"; sourceTree = "<group>"; };
		738095101508C93C008FCE87 /* calendar-month@2x.png */ = {isa = PBXFileReference; lastKnownFileType = image.png; path = "calendar-month@2x.png"; sourceTree = "<group>"; };
		738095111508C93C008FCE87 /* calendar-week.png */ = {isa = PBXFileReference; lastKnownFileType = image.png; path = "calendar-week.png"; sourceTree = "<group>"; };
		738095121508C93C008FCE87 /* calendar-week@2x.png */ = {isa = PBXFileReference; lastKnownFileType = image.png; path = "calendar-week@2x.png"; sourceTree = "<group>"; };
		738095131508C93C008FCE87 /* chat.png */ = {isa = PBXFileReference; lastKnownFileType = image.png; path = chat.png; sourceTree = "<group>"; };
		738095141508C93C008FCE87 /* chat@2x.png */ = {isa = PBXFileReference; lastKnownFileType = image.png; path = "chat@2x.png"; sourceTree = "<group>"; };
		738095151508C93C008FCE87 /* chats.png */ = {isa = PBXFileReference; lastKnownFileType = image.png; path = chats.png; sourceTree = "<group>"; };
		738095161508C93C008FCE87 /* chats@2x.png */ = {isa = PBXFileReference; lastKnownFileType = image.png; path = "chats@2x.png"; sourceTree = "<group>"; };
		738095171508C93C008FCE87 /* checkmark.png */ = {isa = PBXFileReference; lastKnownFileType = image.png; path = checkmark.png; sourceTree = "<group>"; };
		738095181508C93C008FCE87 /* checkmark@2x.png */ = {isa = PBXFileReference; lastKnownFileType = image.png; path = "checkmark@2x.png"; sourceTree = "<group>"; };
		738095191508C93C008FCE87 /* clipboard.png */ = {isa = PBXFileReference; lastKnownFileType = image.png; path = clipboard.png; sourceTree = "<group>"; };
		7380951A1508C93C008FCE87 /* clipboard@2x.png */ = {isa = PBXFileReference; lastKnownFileType = image.png; path = "clipboard@2x.png"; sourceTree = "<group>"; };
		7380951B1508C93C008FCE87 /* clock.png */ = {isa = PBXFileReference; lastKnownFileType = image.png; path = clock.png; sourceTree = "<group>"; };
		7380951C1508C93C008FCE87 /* clock@2x.png */ = {isa = PBXFileReference; lastKnownFileType = image.png; path = "clock@2x.png"; sourceTree = "<group>"; };
		7380951D1508C93C008FCE87 /* closed-mail.png */ = {isa = PBXFileReference; lastKnownFileType = image.png; path = "closed-mail.png"; sourceTree = "<group>"; };
		7380951E1508C93C008FCE87 /* closed-mail@2x.png */ = {isa = PBXFileReference; lastKnownFileType = image.png; path = "closed-mail@2x.png"; sourceTree = "<group>"; };
		7380951F1508C93C008FCE87 /* cloud.png */ = {isa = PBXFileReference; lastKnownFileType = image.png; path = cloud.png; sourceTree = "<group>"; };
		738095201508C93C008FCE87 /* cloud@2x.png */ = {isa = PBXFileReference; lastKnownFileType = image.png; path = "cloud@2x.png"; sourceTree = "<group>"; };
		738095211508C93C008FCE87 /* contrast.png */ = {isa = PBXFileReference; lastKnownFileType = image.png; path = contrast.png; sourceTree = "<group>"; };
		738095221508C93C008FCE87 /* contrast@2x.png */ = {isa = PBXFileReference; lastKnownFileType = image.png; path = "contrast@2x.png"; sourceTree = "<group>"; };
		738095231508C93C008FCE87 /* crop.png */ = {isa = PBXFileReference; lastKnownFileType = image.png; path = crop.png; sourceTree = "<group>"; };
		738095241508C93C008FCE87 /* crop@2x.png */ = {isa = PBXFileReference; lastKnownFileType = image.png; path = "crop@2x.png"; sourceTree = "<group>"; };
		738095251508C93C008FCE87 /* cut.png */ = {isa = PBXFileReference; lastKnownFileType = image.png; path = cut.png; sourceTree = "<group>"; };
		738095261508C93C008FCE87 /* cut@2x.png */ = {isa = PBXFileReference; lastKnownFileType = image.png; path = "cut@2x.png"; sourceTree = "<group>"; };
		738095271508C93C008FCE87 /* film-roll.png */ = {isa = PBXFileReference; lastKnownFileType = image.png; path = "film-roll.png"; sourceTree = "<group>"; };
		738095281508C93C008FCE87 /* film-roll@2x.png */ = {isa = PBXFileReference; lastKnownFileType = image.png; path = "film-roll@2x.png"; sourceTree = "<group>"; };
		738095291508C93C008FCE87 /* folder.png */ = {isa = PBXFileReference; lastKnownFileType = image.png; path = folder.png; sourceTree = "<group>"; };
		7380952A1508C93C008FCE87 /* folder@2x.png */ = {isa = PBXFileReference; lastKnownFileType = image.png; path = "folder@2x.png"; sourceTree = "<group>"; };
		7380952B1508C93C008FCE87 /* gear.png */ = {isa = PBXFileReference; lastKnownFileType = image.png; path = gear.png; sourceTree = "<group>"; };
		7380952C1508C93C008FCE87 /* gear@2x.png */ = {isa = PBXFileReference; lastKnownFileType = image.png; path = "gear@2x.png"; sourceTree = "<group>"; };
		7380952D1508C93C008FCE87 /* go-light.png */ = {isa = PBXFileReference; lastKnownFileType = image.png; path = "go-light.png"; sourceTree = "<group>"; };
		7380952E1508C93C008FCE87 /* go-light@2x.png */ = {isa = PBXFileReference; lastKnownFileType = image.png; path = "go-light@2x.png"; sourceTree = "<group>"; };
		7380952F1508C93C008FCE87 /* grocery-bag.png */ = {isa = PBXFileReference; lastKnownFileType = image.png; path = "grocery-bag.png"; sourceTree = "<group>"; };
		738095301508C93C008FCE87 /* grocery-bag@2x.png */ = {isa = PBXFileReference; lastKnownFileType = image.png; path = "grocery-bag@2x.png"; sourceTree = "<group>"; };
		738095311508C93C008FCE87 /* key.png */ = {isa = PBXFileReference; lastKnownFileType = image.png; path = key.png; sourceTree = "<group>"; };
		738095321508C93C008FCE87 /* key@2x.png */ = {isa = PBXFileReference; lastKnownFileType = image.png; path = "key@2x.png"; sourceTree = "<group>"; };
		738095331508C93C008FCE87 /* license.png */ = {isa = PBXFileReference; lastKnownFileType = image.png; path = license.png; sourceTree = "<group>"; };
		738095341508C93C008FCE87 /* license@2x.png */ = {isa = PBXFileReference; lastKnownFileType = image.png; path = "license@2x.png"; sourceTree = "<group>"; };
		738095351508C93C008FCE87 /* link.png */ = {isa = PBXFileReference; lastKnownFileType = image.png; path = link.png; sourceTree = "<group>"; };
		738095361508C93C008FCE87 /* link@2x.png */ = {isa = PBXFileReference; lastKnownFileType = image.png; path = "link@2x.png"; sourceTree = "<group>"; };
		738095371508C93C008FCE87 /* lock.png */ = {isa = PBXFileReference; lastKnownFileType = image.png; path = lock.png; sourceTree = "<group>"; };
		738095381508C93C008FCE87 /* lock@2x.png */ = {isa = PBXFileReference; lastKnownFileType = image.png; path = "lock@2x.png"; sourceTree = "<group>"; };
		738095391508C93C008FCE87 /* marker.png */ = {isa = PBXFileReference; lastKnownFileType = image.png; path = marker.png; sourceTree = "<group>"; };
		7380953A1508C93C008FCE87 /* marker@2x.png */ = {isa = PBXFileReference; lastKnownFileType = image.png; path = "marker@2x.png"; sourceTree = "<group>"; };
		7380953B1508C93C008FCE87 /* microphone.png */ = {isa = PBXFileReference; lastKnownFileType = image.png; path = microphone.png; sourceTree = "<group>"; };
		7380953C1508C93C008FCE87 /* microphone@2x.png */ = {isa = PBXFileReference; lastKnownFileType = image.png; path = "microphone@2x.png"; sourceTree = "<group>"; };
		7380953D1508C93C008FCE87 /* monitor.png */ = {isa = PBXFileReference; lastKnownFileType = image.png; path = monitor.png; sourceTree = "<group>"; };
		7380953E1508C93C008FCE87 /* monitor@2x.png */ = {isa = PBXFileReference; lastKnownFileType = image.png; path = "monitor@2x.png"; sourceTree = "<group>"; };
		7380953F1508C93C008FCE87 /* movie.png */ = {isa = PBXFileReference; lastKnownFileType = image.png; path = movie.png; sourceTree = "<group>"; };
		738095401508C93C008FCE87 /* movie@2x.png */ = {isa = PBXFileReference; lastKnownFileType = image.png; path = "movie@2x.png"; sourceTree = "<group>"; };
		738095411508C93C008FCE87 /* music.png */ = {isa = PBXFileReference; lastKnownFileType = image.png; path = music.png; sourceTree = "<group>"; };
		738095421508C93C008FCE87 /* music@2x.png */ = {isa = PBXFileReference; lastKnownFileType = image.png; path = "music@2x.png"; sourceTree = "<group>"; };
		738095431508C93C008FCE87 /* open-mail.png */ = {isa = PBXFileReference; lastKnownFileType = image.png; path = "open-mail.png"; sourceTree = "<group>"; };
		738095441508C93C008FCE87 /* open-mail@2x.png */ = {isa = PBXFileReference; lastKnownFileType = image.png; path = "open-mail@2x.png"; sourceTree = "<group>"; };
		738095451508C93C008FCE87 /* paste.png */ = {isa = PBXFileReference; lastKnownFileType = image.png; path = paste.png; sourceTree = "<group>"; };
		738095461508C93C008FCE87 /* paste@2x.png */ = {isa = PBXFileReference; lastKnownFileType = image.png; path = "paste@2x.png"; sourceTree = "<group>"; };
		738095471508C93C008FCE87 /* picture.png */ = {isa = PBXFileReference; lastKnownFileType = image.png; path = picture.png; sourceTree = "<group>"; };
		738095481508C93C008FCE87 /* picture@2x.png */ = {isa = PBXFileReference; lastKnownFileType = image.png; path = "picture@2x.png"; sourceTree = "<group>"; };
		738095491508C93C008FCE87 /* polaroid.png */ = {isa = PBXFileReference; lastKnownFileType = image.png; path = polaroid.png; sourceTree = "<group>"; };
		7380954A1508C93C008FCE87 /* polaroid@2x.png */ = {isa = PBXFileReference; lastKnownFileType = image.png; path = "polaroid@2x.png"; sourceTree = "<group>"; };
		7380954B1508C93C008FCE87 /* portfolio.png */ = {isa = PBXFileReference; lastKnownFileType = image.png; path = portfolio.png; sourceTree = "<group>"; };
		7380954C1508C93C008FCE87 /* portfolio@2x.png */ = {isa = PBXFileReference; lastKnownFileType = image.png; path = "portfolio@2x.png"; sourceTree = "<group>"; };
		7380954D1508C93C008FCE87 /* radio-tower.png */ = {isa = PBXFileReference; lastKnownFileType = image.png; path = "radio-tower.png"; sourceTree = "<group>"; };
		7380954E1508C93C008FCE87 /* radio-tower@2x.png */ = {isa = PBXFileReference; lastKnownFileType = image.png; path = "radio-tower@2x.png"; sourceTree = "<group>"; };
		7380954F1508C93C008FCE87 /* radio.png */ = {isa = PBXFileReference; lastKnownFileType = image.png; path = radio.png; sourceTree = "<group>"; };
		738095501508C93C008FCE87 /* radio@2x.png */ = {isa = PBXFileReference; lastKnownFileType = image.png; path = "radio@2x.png"; sourceTree = "<group>"; };
		738095511508C93C008FCE87 /* remove-from-cloud.png */ = {isa = PBXFileReference; lastKnownFileType = image.png; path = "remove-from-cloud.png"; sourceTree = "<group>"; };
		738095521508C93C008FCE87 /* remove-from-cloud@2x.png */ = {isa = PBXFileReference; lastKnownFileType = image.png; path = "remove-from-cloud@2x.png"; sourceTree = "<group>"; };
		738095531508C93C008FCE87 /* scanner.png */ = {isa = PBXFileReference; lastKnownFileType = image.png; path = scanner.png; sourceTree = "<group>"; };
		738095541508C93C008FCE87 /* scanner@2x.png */ = {isa = PBXFileReference; lastKnownFileType = image.png; path = "scanner@2x.png"; sourceTree = "<group>"; };
		738095551508C93C008FCE87 /* shopping-bag.png */ = {isa = PBXFileReference; lastKnownFileType = image.png; path = "shopping-bag.png"; sourceTree = "<group>"; };
		738095561508C93C008FCE87 /* shopping-bag@2x.png */ = {isa = PBXFileReference; lastKnownFileType = image.png; path = "shopping-bag@2x.png"; sourceTree = "<group>"; };
		738095571508C93C008FCE87 /* stop-light.png */ = {isa = PBXFileReference; lastKnownFileType = image.png; path = "stop-light.png"; sourceTree = "<group>"; };
		738095581508C93C008FCE87 /* stop-light@2x.png */ = {isa = PBXFileReference; lastKnownFileType = image.png; path = "stop-light@2x.png"; sourceTree = "<group>"; };
		738095591508C93C008FCE87 /* tag.png */ = {isa = PBXFileReference; lastKnownFileType = image.png; path = tag.png; sourceTree = "<group>"; };
		7380955A1508C93C008FCE87 /* tag@2x.png */ = {isa = PBXFileReference; lastKnownFileType = image.png; path = "tag@2x.png"; sourceTree = "<group>"; };
		7380955B1508C93C008FCE87 /* tools.png */ = {isa = PBXFileReference; lastKnownFileType = image.png; path = tools.png; sourceTree = "<group>"; };
		7380955C1508C93C008FCE87 /* tools@2x.png */ = {isa = PBXFileReference; lastKnownFileType = image.png; path = "tools@2x.png"; sourceTree = "<group>"; };
		7380955D1508C93C008FCE87 /* tv.png */ = {isa = PBXFileReference; lastKnownFileType = image.png; path = tv.png; sourceTree = "<group>"; };
		7380955E1508C93C008FCE87 /* tv@2x.png */ = {isa = PBXFileReference; lastKnownFileType = image.png; path = "tv@2x.png"; sourceTree = "<group>"; };
		7380955F1508C93C008FCE87 /* unlocked.png */ = {isa = PBXFileReference; lastKnownFileType = image.png; path = unlocked.png; sourceTree = "<group>"; };
		738095601508C93C008FCE87 /* unlocked@2x.png */ = {isa = PBXFileReference; lastKnownFileType = image.png; path = "unlocked@2x.png"; sourceTree = "<group>"; };
		738095611508C93C008FCE87 /* wallet.png */ = {isa = PBXFileReference; lastKnownFileType = image.png; path = wallet.png; sourceTree = "<group>"; };
		738095621508C93C008FCE87 /* wallet@2x.png */ = {isa = PBXFileReference; lastKnownFileType = image.png; path = "wallet@2x.png"; sourceTree = "<group>"; };
		738095631508C93C008FCE87 /* widescreen.png */ = {isa = PBXFileReference; lastKnownFileType = image.png; path = widescreen.png; sourceTree = "<group>"; };
		738095641508C93C008FCE87 /* widescreen@2x.png */ = {isa = PBXFileReference; lastKnownFileType = image.png; path = "widescreen@2x.png"; sourceTree = "<group>"; };
		73BCAEE3150A5F0600D71998 /* NKMaster.h */ = {isa = PBXFileReference; fileEncoding = 4; lastKnownFileType = sourcecode.c.h; path = NKMaster.h; sourceTree = "<group>"; };
		73BCAEE4150A5F0600D71998 /* NKMaster.m */ = {isa = PBXFileReference; fileEncoding = 4; lastKnownFileType = sourcecode.c.objc; path = NKMaster.m; sourceTree = "<group>"; };
		73BCAEE7150A60C700D71998 /* NKMasterViewControllerDelegate.h */ = {isa = PBXFileReference; fileEncoding = 4; lastKnownFileType = sourcecode.c.h; path = NKMasterViewControllerDelegate.h; sourceTree = "<group>"; };
		D253085B150562E400B1CAAF /* NKDetailViewController.h */ = {isa = PBXFileReference; fileEncoding = 4; lastKnownFileType = sourcecode.c.h; path = NKDetailViewController.h; sourceTree = "<group>"; };
		D253085C150562E400B1CAAF /* NKDetailViewController.m */ = {isa = PBXFileReference; fileEncoding = 4; lastKnownFileType = sourcecode.c.objc; path = NKDetailViewController.m; sourceTree = "<group>"; };
		D253085F150562E400B1CAAF /* NKDetailViewController~iphone.xib */ = {isa = PBXFileReference; fileEncoding = 4; lastKnownFileType = file.xib; path = "NKDetailViewController~iphone.xib"; sourceTree = "<group>"; };
		D2530860150562E400B1CAAF /* NKDetailViewController~ipad.xib */ = {isa = PBXFileReference; fileEncoding = 4; lastKnownFileType = file.xib; path = "NKDetailViewController~ipad.xib"; sourceTree = "<group>"; };
		D257B2681505518F001DBDCB /* NKTabSplit.app */ = {isa = PBXFileReference; explicitFileType = wrapper.application; includeInIndex = 0; path = NKTabSplit.app; sourceTree = BUILT_PRODUCTS_DIR; };
		D257B26C1505518F001DBDCB /* UIKit.framework */ = {isa = PBXFileReference; lastKnownFileType = wrapper.framework; name = UIKit.framework; path = System/Library/Frameworks/UIKit.framework; sourceTree = SDKROOT; };
		D257B26E1505518F001DBDCB /* Foundation.framework */ = {isa = PBXFileReference; lastKnownFileType = wrapper.framework; name = Foundation.framework; path = System/Library/Frameworks/Foundation.framework; sourceTree = SDKROOT; };
		D257B2701505518F001DBDCB /* CoreGraphics.framework */ = {isa = PBXFileReference; lastKnownFileType = wrapper.framework; name = CoreGraphics.framework; path = System/Library/Frameworks/CoreGraphics.framework; sourceTree = SDKROOT; };
		D257B2741505518F001DBDCB /* NKTabSplit-Info.plist */ = {isa = PBXFileReference; lastKnownFileType = text.plist.xml; path = "NKTabSplit-Info.plist"; sourceTree = "<group>"; };
		D257B2761505518F001DBDCB /* en */ = {isa = PBXFileReference; lastKnownFileType = text.plist.strings; name = en; path = en.lproj/InfoPlist.strings; sourceTree = "<group>"; };
		D257B2781505518F001DBDCB /* main.m */ = {isa = PBXFileReference; lastKnownFileType = sourcecode.c.objc; path = main.m; sourceTree = "<group>"; };
		D257B27A1505518F001DBDCB /* NKTabSplit-Prefix.pch */ = {isa = PBXFileReference; lastKnownFileType = sourcecode.c.h; path = "NKTabSplit-Prefix.pch"; sourceTree = "<group>"; };
		D257B27B1505518F001DBDCB /* NKAppDelegate.h */ = {isa = PBXFileReference; lastKnownFileType = sourcecode.c.h; path = NKAppDelegate.h; sourceTree = "<group>"; };
		D257B27C1505518F001DBDCB /* NKAppDelegate.m */ = {isa = PBXFileReference; lastKnownFileType = sourcecode.c.objc; path = NKAppDelegate.m; sourceTree = "<group>"; };
		D257B27E1505518F001DBDCB /* NKMasterViewController.h */ = {isa = PBXFileReference; lastKnownFileType = sourcecode.c.h; path = NKMasterViewController.h; sourceTree = "<group>"; };
		D257B27F1505518F001DBDCB /* NKMasterViewController.m */ = {isa = PBXFileReference; lastKnownFileType = sourcecode.c.objc; path = NKMasterViewController.m; sourceTree = "<group>"; };
		D257B2851505518F001DBDCB /* NKViewController.h */ = {isa = PBXFileReference; lastKnownFileType = sourcecode.c.h; path = NKViewController.h; sourceTree = "<group>"; };
		D257B2861505518F001DBDCB /* NKViewController.m */ = {isa = PBXFileReference; lastKnownFileType = sourcecode.c.objc; path = NKViewController.m; sourceTree = "<group>"; };
		D257B28D1505518F001DBDCB /* en */ = {isa = PBXFileReference; lastKnownFileType = file.xib; name = en; path = "en.lproj/NKMasterViewController~iphone.xib"; sourceTree = "<group>"; };
		D257B2901505518F001DBDCB /* en */ = {isa = PBXFileReference; lastKnownFileType = file.xib; name = en; path = "en.lproj/NKMasterViewController~ipad.xib"; sourceTree = "<group>"; };
		D257B2931505518F001DBDCB /* en */ = {isa = PBXFileReference; lastKnownFileType = file.xib; name = en; path = "en.lproj/NKViewController~iphone.xib"; sourceTree = "<group>"; };
		D257B2961505518F001DBDCB /* en */ = {isa = PBXFileReference; lastKnownFileType = file.xib; name = en; path = "en.lproj/NKViewController~ipad.xib"; sourceTree = "<group>"; };
		D257B29D15055190001DBDCB /* NKTabSplitTests.octest */ = {isa = PBXFileReference; explicitFileType = wrapper.cfbundle; includeInIndex = 0; path = NKTabSplitTests.octest; sourceTree = BUILT_PRODUCTS_DIR; };
		D257B29E15055190001DBDCB /* SenTestingKit.framework */ = {isa = PBXFileReference; lastKnownFileType = wrapper.framework; name = SenTestingKit.framework; path = Library/Frameworks/SenTestingKit.framework; sourceTree = DEVELOPER_DIR; };
		D257B2A615055190001DBDCB /* NKTabSplitTests-Info.plist */ = {isa = PBXFileReference; lastKnownFileType = text.plist.xml; path = "NKTabSplitTests-Info.plist"; sourceTree = "<group>"; };
		D257B2A815055190001DBDCB /* en */ = {isa = PBXFileReference; lastKnownFileType = text.plist.strings; name = en; path = en.lproj/InfoPlist.strings; sourceTree = "<group>"; };
		D257B2AA15055190001DBDCB /* NKTabSplitTests.h */ = {isa = PBXFileReference; lastKnownFileType = sourcecode.c.h; path = NKTabSplitTests.h; sourceTree = "<group>"; };
		D257B2AB15055190001DBDCB /* NKTabSplitTests.m */ = {isa = PBXFileReference; lastKnownFileType = sourcecode.c.objc; path = NKTabSplitTests.m; sourceTree = "<group>"; };
		D257B2B9150551E2001DBDCB /* MainWindow~iphone.xib */ = {isa = PBXFileReference; fileEncoding = 4; lastKnownFileType = file.xib; path = "MainWindow~iphone.xib"; sourceTree = "<group>"; };
		D257B2BB1505520C001DBDCB /* MainWindow~ipad.xib */ = {isa = PBXFileReference; fileEncoding = 4; lastKnownFileType = file.xib; path = "MainWindow~ipad.xib"; sourceTree = "<group>"; };
		D2CDF97D1506F1FF00E9326F /* NKData.xcdatamodel */ = {isa = PBXFileReference; lastKnownFileType = wrapper.xcdatamodel; path = NKData.xcdatamodel; sourceTree = "<group>"; };
/* End PBXFileReference section */

/* Begin PBXFrameworksBuildPhase section */
		D257B2651505518F001DBDCB /* Frameworks */ = {
			isa = PBXFrameworksBuildPhase;
			buildActionMask = 2147483647;
			files = (
				731F6F8B15064646001A82DA /* CoreData.framework in Frameworks */,
				D257B26D1505518F001DBDCB /* UIKit.framework in Frameworks */,
				D257B26F1505518F001DBDCB /* Foundation.framework in Frameworks */,
				D257B2711505518F001DBDCB /* CoreGraphics.framework in Frameworks */,
			);
			runOnlyForDeploymentPostprocessing = 0;
		};
		D257B29915055190001DBDCB /* Frameworks */ = {
			isa = PBXFrameworksBuildPhase;
			buildActionMask = 2147483647;
			files = (
				D257B29F15055190001DBDCB /* SenTestingKit.framework in Frameworks */,
				D257B2A015055190001DBDCB /* UIKit.framework in Frameworks */,
				D257B2A115055190001DBDCB /* Foundation.framework in Frameworks */,
			);
			runOnlyForDeploymentPostprocessing = 0;
		};
/* End PBXFrameworksBuildPhase section */

/* Begin PBXGroup section */
		734E95DE150A1C7800B686A6 /* Data Model */ = {
			isa = PBXGroup;
			children = (
				D2CDF97C1506F1FF00E9326F /* NKData.xcdatamodeld */,
				734E95DA150A1C7200B686A6 /* NKEvent.h */,
				734E95DB150A1C7200B686A6 /* NKEvent.m */,
				73BCAEE3150A5F0600D71998 /* NKMaster.h */,
				73BCAEE4150A5F0600D71998 /* NKMaster.m */,
			);
			name = "Data Model";
			sourceTree = "<group>";
		};
		738094FE1508C93C008FCE87 /* Images */ = {
			isa = PBXGroup;
			children = (
				738094FF1508C93C008FCE87 /* add-to-cloud.png */,
				738095001508C93C008FCE87 /* add-to-cloud@2x.png */,
				738095011508C93C008FCE87 /* airplane.png */,
				738095021508C93C008FCE87 /* airplane@2x.png */,
				738095031508C93C008FCE87 /* atm-card.png */,
				738095041508C93C008FCE87 /* atm-card@2x.png */,
				738095051508C93C008FCE87 /* bookmark.png */,
				738095061508C93C008FCE87 /* bookmark@2x.png */,
				738095071508C93C008FCE87 /* breifcase.png */,
				738095081508C93C008FCE87 /* breifcase@2x.png */,
				738095091508C93C008FCE87 /* brightness.png */,
				7380950A1508C93C008FCE87 /* brightness@2x.png */,
				7380950B1508C93C008FCE87 /* calendar-day-of-week.png */,
				7380950C1508C93C008FCE87 /* calendar-day-of-week@2x.png */,
				7380950D1508C93C008FCE87 /* calendar-day.png */,
				7380950E1508C93C008FCE87 /* calendar-day@2x.png */,
				7380950F1508C93C008FCE87 /* calendar-month.png */,
				738095101508C93C008FCE87 /* calendar-month@2x.png */,
				738095111508C93C008FCE87 /* calendar-week.png */,
				738095121508C93C008FCE87 /* calendar-week@2x.png */,
				738095131508C93C008FCE87 /* chat.png */,
				738095141508C93C008FCE87 /* chat@2x.png */,
				738095151508C93C008FCE87 /* chats.png */,
				738095161508C93C008FCE87 /* chats@2x.png */,
				738095171508C93C008FCE87 /* checkmark.png */,
				738095181508C93C008FCE87 /* checkmark@2x.png */,
				738095191508C93C008FCE87 /* clipboard.png */,
				7380951A1508C93C008FCE87 /* clipboard@2x.png */,
				7380951B1508C93C008FCE87 /* clock.png */,
				7380951C1508C93C008FCE87 /* clock@2x.png */,
				7380951D1508C93C008FCE87 /* closed-mail.png */,
				7380951E1508C93C008FCE87 /* closed-mail@2x.png */,
				7380951F1508C93C008FCE87 /* cloud.png */,
				738095201508C93C008FCE87 /* cloud@2x.png */,
				738095211508C93C008FCE87 /* contrast.png */,
				738095221508C93C008FCE87 /* contrast@2x.png */,
				738095231508C93C008FCE87 /* crop.png */,
				738095241508C93C008FCE87 /* crop@2x.png */,
				738095251508C93C008FCE87 /* cut.png */,
				738095261508C93C008FCE87 /* cut@2x.png */,
				738095271508C93C008FCE87 /* film-roll.png */,
				738095281508C93C008FCE87 /* film-roll@2x.png */,
				738095291508C93C008FCE87 /* folder.png */,
				7380952A1508C93C008FCE87 /* folder@2x.png */,
				7380952B1508C93C008FCE87 /* gear.png */,
				7380952C1508C93C008FCE87 /* gear@2x.png */,
				7380952D1508C93C008FCE87 /* go-light.png */,
				7380952E1508C93C008FCE87 /* go-light@2x.png */,
				7380952F1508C93C008FCE87 /* grocery-bag.png */,
				738095301508C93C008FCE87 /* grocery-bag@2x.png */,
				738095311508C93C008FCE87 /* key.png */,
				738095321508C93C008FCE87 /* key@2x.png */,
				738095331508C93C008FCE87 /* license.png */,
				738095341508C93C008FCE87 /* license@2x.png */,
				738095351508C93C008FCE87 /* link.png */,
				738095361508C93C008FCE87 /* link@2x.png */,
				738095371508C93C008FCE87 /* lock.png */,
				738095381508C93C008FCE87 /* lock@2x.png */,
				738095391508C93C008FCE87 /* marker.png */,
				7380953A1508C93C008FCE87 /* marker@2x.png */,
				7380953B1508C93C008FCE87 /* microphone.png */,
				7380953C1508C93C008FCE87 /* microphone@2x.png */,
				7380953D1508C93C008FCE87 /* monitor.png */,
				7380953E1508C93C008FCE87 /* monitor@2x.png */,
				7380953F1508C93C008FCE87 /* movie.png */,
				738095401508C93C008FCE87 /* movie@2x.png */,
				738095411508C93C008FCE87 /* music.png */,
				738095421508C93C008FCE87 /* music@2x.png */,
				738095431508C93C008FCE87 /* open-mail.png */,
				738095441508C93C008FCE87 /* open-mail@2x.png */,
				738095451508C93C008FCE87 /* paste.png */,
				738095461508C93C008FCE87 /* paste@2x.png */,
				738095471508C93C008FCE87 /* picture.png */,
				738095481508C93C008FCE87 /* picture@2x.png */,
				738095491508C93C008FCE87 /* polaroid.png */,
				7380954A1508C93C008FCE87 /* polaroid@2x.png */,
				7380954B1508C93C008FCE87 /* portfolio.png */,
				7380954C1508C93C008FCE87 /* portfolio@2x.png */,
				7380954D1508C93C008FCE87 /* radio-tower.png */,
				7380954E1508C93C008FCE87 /* radio-tower@2x.png */,
				7380954F1508C93C008FCE87 /* radio.png */,
				738095501508C93C008FCE87 /* radio@2x.png */,
				738095511508C93C008FCE87 /* remove-from-cloud.png */,
				738095521508C93C008FCE87 /* remove-from-cloud@2x.png */,
				738095531508C93C008FCE87 /* scanner.png */,
				738095541508C93C008FCE87 /* scanner@2x.png */,
				738095551508C93C008FCE87 /* shopping-bag.png */,
				738095561508C93C008FCE87 /* shopping-bag@2x.png */,
				738095571508C93C008FCE87 /* stop-light.png */,
				738095581508C93C008FCE87 /* stop-light@2x.png */,
				738095591508C93C008FCE87 /* tag.png */,
				7380955A1508C93C008FCE87 /* tag@2x.png */,
				7380955B1508C93C008FCE87 /* tools.png */,
				7380955C1508C93C008FCE87 /* tools@2x.png */,
				7380955D1508C93C008FCE87 /* tv.png */,
				7380955E1508C93C008FCE87 /* tv@2x.png */,
				7380955F1508C93C008FCE87 /* unlocked.png */,
				738095601508C93C008FCE87 /* unlocked@2x.png */,
				738095611508C93C008FCE87 /* wallet.png */,
				738095621508C93C008FCE87 /* wallet@2x.png */,
				738095631508C93C008FCE87 /* widescreen.png */,
				738095641508C93C008FCE87 /* widescreen@2x.png */,
			);
			path = Images;
			sourceTree = "<group>";
		};
		D257B25D1505518F001DBDCB = {
			isa = PBXGroup;
			children = (
				D257B2721505518F001DBDCB /* Project */,
				D257B2A415055190001DBDCB /* Tests */,
				D257B26B1505518F001DBDCB /* Frameworks */,
				D257B2691505518F001DBDCB /* Products */,
			);
			sourceTree = "<group>";
		};
		D257B2691505518F001DBDCB /* Products */ = {
			isa = PBXGroup;
			children = (
				D257B2681505518F001DBDCB /* NKTabSplit.app */,
				D257B29D15055190001DBDCB /* NKTabSplitTests.octest */,
			);
			name = Products;
			sourceTree = "<group>";
		};
		D257B26B1505518F001DBDCB /* Frameworks */ = {
			isa = PBXGroup;
			children = (
				731F6F8A15064646001A82DA /* CoreData.framework */,
				D257B26C1505518F001DBDCB /* UIKit.framework */,
				D257B26E1505518F001DBDCB /* Foundation.framework */,
				D257B2701505518F001DBDCB /* CoreGraphics.framework */,
				D257B29E15055190001DBDCB /* SenTestingKit.framework */,
			);
			name = Frameworks;
			sourceTree = "<group>";
		};
		D257B2721505518F001DBDCB /* Project */ = {
			isa = PBXGroup;
			children = (
				734E95DE150A1C7800B686A6 /* Data Model */,
				D257B27B1505518F001DBDCB /* NKAppDelegate.h */,
				D257B27C1505518F001DBDCB /* NKAppDelegate.m */,
				D257B27E1505518F001DBDCB /* NKMasterViewController.h */,
				D257B27F1505518F001DBDCB /* NKMasterViewController.m */,
				73BCAEE7150A60C700D71998 /* NKMasterViewControllerDelegate.h */,
				D253085B150562E400B1CAAF /* NKDetailViewController.h */,
				D253085C150562E400B1CAAF /* NKDetailViewController.m */,
				D257B2851505518F001DBDCB /* NKViewController.h */,
				D257B2861505518F001DBDCB /* NKViewController.m */,
				D257B2B9150551E2001DBDCB /* MainWindow~iphone.xib */,
				D257B2BB1505520C001DBDCB /* MainWindow~ipad.xib */,
				D257B28C1505518F001DBDCB /* NKMasterViewController~iphone.xib */,
				D257B28F1505518F001DBDCB /* NKMasterViewController~ipad.xib */,
				D253085F150562E400B1CAAF /* NKDetailViewController~iphone.xib */,
				D2530860150562E400B1CAAF /* NKDetailViewController~ipad.xib */,
				D257B2921505518F001DBDCB /* NKViewController~iphone.xib */,
				D257B2951505518F001DBDCB /* NKViewController~ipad.xib */,
				738094FE1508C93C008FCE87 /* Images */,
				D257B2731505518F001DBDCB /* Supporting Files */,
			);
			path = Project;
			sourceTree = "<group>";
		};
		D257B2731505518F001DBDCB /* Supporting Files */ = {
			isa = PBXGroup;
			children = (
				737B4DBE1507C4FE001928AB /* README.markdown */,
				737B4CE31507A283001928AB /* AppledocSettings.plist */,
				D257B2741505518F001DBDCB /* NKTabSplit-Info.plist */,
				D257B2751505518F001DBDCB /* InfoPlist.strings */,
				D257B2781505518F001DBDCB /* main.m */,
				D257B27A1505518F001DBDCB /* NKTabSplit-Prefix.pch */,
			);
			name = "Supporting Files";
			sourceTree = "<group>";
		};
		D257B2A415055190001DBDCB /* Tests */ = {
			isa = PBXGroup;
			children = (
				D257B2AA15055190001DBDCB /* NKTabSplitTests.h */,
				D257B2AB15055190001DBDCB /* NKTabSplitTests.m */,
				D257B2A515055190001DBDCB /* Supporting Files */,
			);
			path = Tests;
			sourceTree = "<group>";
		};
		D257B2A515055190001DBDCB /* Supporting Files */ = {
			isa = PBXGroup;
			children = (
				D257B2A615055190001DBDCB /* NKTabSplitTests-Info.plist */,
				D257B2A715055190001DBDCB /* InfoPlist.strings */,
			);
			name = "Supporting Files";
			sourceTree = "<group>";
		};
/* End PBXGroup section */

/* Begin PBXNativeTarget section */
		D257B2671505518F001DBDCB /* NKTabSplit */ = {
			isa = PBXNativeTarget;
			buildConfigurationList = D257B2AF15055190001DBDCB /* Build configuration list for PBXNativeTarget "NKTabSplit" */;
			buildPhases = (
				D257B2641505518F001DBDCB /* Sources */,
				D257B2651505518F001DBDCB /* Frameworks */,
				D257B2661505518F001DBDCB /* Resources */,
			);
			buildRules = (
			);
			dependencies = (
			);
			name = NKTabSplit;
			productName = Template;
			productReference = D257B2681505518F001DBDCB /* NKTabSplit.app */;
			productType = "com.apple.product-type.application";
		};
		D257B29C15055190001DBDCB /* NKTabSplitTests */ = {
			isa = PBXNativeTarget;
			buildConfigurationList = D257B2B215055190001DBDCB /* Build configuration list for PBXNativeTarget "NKTabSplitTests" */;
			buildPhases = (
				D257B29815055190001DBDCB /* Sources */,
				D257B29915055190001DBDCB /* Frameworks */,
				D257B29A15055190001DBDCB /* Resources */,
				D257B29B15055190001DBDCB /* ShellScript */,
			);
			buildRules = (
			);
			dependencies = (
				D257B2A315055190001DBDCB /* PBXTargetDependency */,
			);
			name = NKTabSplitTests;
			productName = TemplateTests;
			productReference = D257B29D15055190001DBDCB /* NKTabSplitTests.octest */;
			productType = "com.apple.product-type.bundle";
		};
/* End PBXNativeTarget section */

/* Begin PBXProject section */
		D257B25F1505518F001DBDCB /* Project object */ = {
			isa = PBXProject;
			attributes = {
				CLASSPREFIX = NK;
				LastUpgradeCheck = 0430;
				ORGANIZATIONNAME = KNG;
			};
			buildConfigurationList = D257B2621505518F001DBDCB /* Build configuration list for PBXProject "NKTabSplit" */;
			compatibilityVersion = "Xcode 3.2";
			developmentRegion = English;
			hasScannedForEncodings = 0;
			knownRegions = (
				en,
			);
			mainGroup = D257B25D1505518F001DBDCB;
			productRefGroup = D257B2691505518F001DBDCB /* Products */;
			projectDirPath = "";
			projectRoot = "";
			targets = (
				D257B2671505518F001DBDCB /* NKTabSplit */,
				D257B29C15055190001DBDCB /* NKTabSplitTests */,
			);
		};
/* End PBXProject section */

/* Begin PBXResourcesBuildPhase section */
		D257B2661505518F001DBDCB /* Resources */ = {
			isa = PBXResourcesBuildPhase;
			buildActionMask = 2147483647;
			files = (
				D257B2771505518F001DBDCB /* InfoPlist.strings in Resources */,
				D257B28E1505518F001DBDCB /* NKMasterViewController~iphone.xib in Resources */,
				D257B2911505518F001DBDCB /* NKMasterViewController~ipad.xib in Resources */,
				D257B2941505518F001DBDCB /* NKViewController~iphone.xib in Resources */,
				D257B2971505518F001DBDCB /* NKViewController~ipad.xib in Resources */,
				D257B2BA150551E2001DBDCB /* MainWindow~iphone.xib in Resources */,
				D257B2BC1505520C001DBDCB /* MainWindow~ipad.xib in Resources */,
				73FA695B15064DE00064B6E4 /* NKDetailViewController~iphone.xib in Resources */,
				73FA695C15064DE30064B6E4 /* NKDetailViewController~ipad.xib in Resources */,
				737B4CE41507A283001928AB /* AppledocSettings.plist in Resources */,
				737B4DBF1507C4FE001928AB /* README.markdown in Resources */,
				738095651508C93C008FCE87 /* add-to-cloud.png in Resources */,
				738095661508C93C008FCE87 /* add-to-cloud@2x.png in Resources */,
				738095671508C93C008FCE87 /* airplane.png in Resources */,
				738095681508C93C008FCE87 /* airplane@2x.png in Resources */,
				738095691508C93C008FCE87 /* atm-card.png in Resources */,
				7380956A1508C93C008FCE87 /* atm-card@2x.png in Resources */,
				7380956B1508C93C008FCE87 /* bookmark.png in Resources */,
				7380956C1508C93C008FCE87 /* bookmark@2x.png in Resources */,
				7380956D1508C93C008FCE87 /* breifcase.png in Resources */,
				7380956E1508C93C008FCE87 /* breifcase@2x.png in Resources */,
				7380956F1508C93C008FCE87 /* brightness.png in Resources */,
				738095701508C93C008FCE87 /* brightness@2x.png in Resources */,
				738095711508C93C008FCE87 /* calendar-day-of-week.png in Resources */,
				738095721508C93C008FCE87 /* calendar-day-of-week@2x.png in Resources */,
				738095731508C93C008FCE87 /* calendar-day.png in Resources */,
				738095741508C93C008FCE87 /* calendar-day@2x.png in Resources */,
				738095751508C93C008FCE87 /* calendar-month.png in Resources */,
				738095761508C93C008FCE87 /* calendar-month@2x.png in Resources */,
				738095771508C93C008FCE87 /* calendar-week.png in Resources */,
				738095781508C93C008FCE87 /* calendar-week@2x.png in Resources */,
				738095791508C93C008FCE87 /* chat.png in Resources */,
				7380957A1508C93C008FCE87 /* chat@2x.png in Resources */,
				7380957B1508C93C008FCE87 /* chats.png in Resources */,
				7380957C1508C93C008FCE87 /* chats@2x.png in Resources */,
				7380957D1508C93C008FCE87 /* checkmark.png in Resources */,
				7380957E1508C93C008FCE87 /* checkmark@2x.png in Resources */,
				7380957F1508C93C008FCE87 /* clipboard.png in Resources */,
				738095801508C93C008FCE87 /* clipboard@2x.png in Resources */,
				738095811508C93C008FCE87 /* clock.png in Resources */,
				738095821508C93C008FCE87 /* clock@2x.png in Resources */,
				738095831508C93C008FCE87 /* closed-mail.png in Resources */,
				738095841508C93C008FCE87 /* closed-mail@2x.png in Resources */,
				738095851508C93C008FCE87 /* cloud.png in Resources */,
				738095861508C93C008FCE87 /* cloud@2x.png in Resources */,
				738095871508C93C008FCE87 /* contrast.png in Resources */,
				738095881508C93C008FCE87 /* contrast@2x.png in Resources */,
				738095891508C93C008FCE87 /* crop.png in Resources */,
				7380958A1508C93C008FCE87 /* crop@2x.png in Resources */,
				7380958B1508C93C008FCE87 /* cut.png in Resources */,
				7380958C1508C93C008FCE87 /* cut@2x.png in Resources */,
				7380958D1508C93C008FCE87 /* film-roll.png in Resources */,
				7380958E1508C93C008FCE87 /* film-roll@2x.png in Resources */,
				7380958F1508C93C008FCE87 /* folder.png in Resources */,
				738095901508C93C008FCE87 /* folder@2x.png in Resources */,
				738095911508C93C008FCE87 /* gear.png in Resources */,
				738095921508C93C008FCE87 /* gear@2x.png in Resources */,
				738095931508C93C008FCE87 /* go-light.png in Resources */,
				738095941508C93C008FCE87 /* go-light@2x.png in Resources */,
				738095951508C93C008FCE87 /* grocery-bag.png in Resources */,
				738095961508C93C008FCE87 /* grocery-bag@2x.png in Resources */,
				738095971508C93C008FCE87 /* key.png in Resources */,
				738095981508C93C008FCE87 /* key@2x.png in Resources */,
				738095991508C93C008FCE87 /* license.png in Resources */,
				7380959A1508C93C008FCE87 /* license@2x.png in Resources */,
				7380959B1508C93C008FCE87 /* link.png in Resources */,
				7380959C1508C93C008FCE87 /* link@2x.png in Resources */,
				7380959D1508C93C008FCE87 /* lock.png in Resources */,
				7380959E1508C93C008FCE87 /* lock@2x.png in Resources */,
				7380959F1508C93C008FCE87 /* marker.png in Resources */,
				738095A01508C93C008FCE87 /* marker@2x.png in Resources */,
				738095A11508C93C008FCE87 /* microphone.png in Resources */,
				738095A21508C93C008FCE87 /* microphone@2x.png in Resources */,
				738095A31508C93C008FCE87 /* monitor.png in Resources */,
				738095A41508C93C008FCE87 /* monitor@2x.png in Resources */,
				738095A51508C93C008FCE87 /* movie.png in Resources */,
				738095A61508C93C008FCE87 /* movie@2x.png in Resources */,
				738095A71508C93C008FCE87 /* music.png in Resources */,
				738095A81508C93C008FCE87 /* music@2x.png in Resources */,
				738095A91508C93C008FCE87 /* open-mail.png in Resources */,
				738095AA1508C93C008FCE87 /* open-mail@2x.png in Resources */,
				738095AB1508C93C008FCE87 /* paste.png in Resources */,
				738095AC1508C93C008FCE87 /* paste@2x.png in Resources */,
				738095AD1508C93C008FCE87 /* picture.png in Resources */,
				738095AE1508C93C008FCE87 /* picture@2x.png in Resources */,
				738095AF1508C93C008FCE87 /* polaroid.png in Resources */,
				738095B01508C93C008FCE87 /* polaroid@2x.png in Resources */,
				738095B11508C93C008FCE87 /* portfolio.png in Resources */,
				738095B21508C93C008FCE87 /* portfolio@2x.png in Resources */,
				738095B31508C93C008FCE87 /* radio-tower.png in Resources */,
				738095B41508C93C008FCE87 /* radio-tower@2x.png in Resources */,
				738095B51508C93C008FCE87 /* radio.png in Resources */,
				738095B61508C93C008FCE87 /* radio@2x.png in Resources */,
				738095B71508C93C008FCE87 /* remove-from-cloud.png in Resources */,
				738095B81508C93C008FCE87 /* remove-from-cloud@2x.png in Resources */,
				738095B91508C93C008FCE87 /* scanner.png in Resources */,
				738095BA1508C93C008FCE87 /* scanner@2x.png in Resources */,
				738095BB1508C93C008FCE87 /* shopping-bag.png in Resources */,
				738095BC1508C93C008FCE87 /* shopping-bag@2x.png in Resources */,
				738095BD1508C93C008FCE87 /* stop-light.png in Resources */,
				738095BE1508C93C008FCE87 /* stop-light@2x.png in Resources */,
				738095BF1508C93C008FCE87 /* tag.png in Resources */,
				738095C01508C93C008FCE87 /* tag@2x.png in Resources */,
				738095C11508C93C008FCE87 /* tools.png in Resources */,
				738095C21508C93C008FCE87 /* tools@2x.png in Resources */,
				738095C31508C93C008FCE87 /* tv.png in Resources */,
				738095C41508C93C008FCE87 /* tv@2x.png in Resources */,
				738095C51508C93C008FCE87 /* unlocked.png in Resources */,
				738095C61508C93C008FCE87 /* unlocked@2x.png in Resources */,
				738095C71508C93C008FCE87 /* wallet.png in Resources */,
				738095C81508C93C008FCE87 /* wallet@2x.png in Resources */,
				738095C91508C93C008FCE87 /* widescreen.png in Resources */,
				738095CA1508C93C008FCE87 /* widescreen@2x.png in Resources */,
			);
			runOnlyForDeploymentPostprocessing = 0;
		};
		D257B29A15055190001DBDCB /* Resources */ = {
			isa = PBXResourcesBuildPhase;
			buildActionMask = 2147483647;
			files = (
				D257B2A915055190001DBDCB /* InfoPlist.strings in Resources */,
			);
			runOnlyForDeploymentPostprocessing = 0;
		};
/* End PBXResourcesBuildPhase section */

/* Begin PBXShellScriptBuildPhase section */
		D257B29B15055190001DBDCB /* ShellScript */ = {
			isa = PBXShellScriptBuildPhase;
			buildActionMask = 2147483647;
			files = (
			);
			inputPaths = (
			);
			outputPaths = (
			);
			runOnlyForDeploymentPostprocessing = 0;
			shellPath = /bin/sh;
			shellScript = "# Run the unit tests in this test bundle.\n\"${SYSTEM_DEVELOPER_DIR}/Tools/RunUnitTests\"\n";
		};
/* End PBXShellScriptBuildPhase section */

/* Begin PBXSourcesBuildPhase section */
		D257B2641505518F001DBDCB /* Sources */ = {
			isa = PBXSourcesBuildPhase;
			buildActionMask = 2147483647;
			files = (
				D257B2791505518F001DBDCB /* main.m in Sources */,
				D257B27D1505518F001DBDCB /* NKAppDelegate.m in Sources */,
				D257B2801505518F001DBDCB /* NKMasterViewController.m in Sources */,
				D257B2871505518F001DBDCB /* NKViewController.m in Sources */,
				731F6F8D15064906001A82DA /* NKDetailViewController.m in Sources */,
				D2CDF97E1506F1FF00E9326F /* NKData.xcdatamodeld in Sources */,
				734E95DC150A1C7300B686A6 /* NKEvent.m in Sources */,
				73BCAEE5150A5F0600D71998 /* NKMaster.m in Sources */,
			);
			runOnlyForDeploymentPostprocessing = 0;
		};
		D257B29815055190001DBDCB /* Sources */ = {
			isa = PBXSourcesBuildPhase;
			buildActionMask = 2147483647;
			files = (
				D257B2AC15055190001DBDCB /* NKTabSplitTests.m in Sources */,
			);
			runOnlyForDeploymentPostprocessing = 0;
		};
/* End PBXSourcesBuildPhase section */

/* Begin PBXTargetDependency section */
		D257B2A315055190001DBDCB /* PBXTargetDependency */ = {
			isa = PBXTargetDependency;
			target = D257B2671505518F001DBDCB /* NKTabSplit */;
			targetProxy = D257B2A215055190001DBDCB /* PBXContainerItemProxy */;
		};
/* End PBXTargetDependency section */

/* Begin PBXVariantGroup section */
		D257B2751505518F001DBDCB /* InfoPlist.strings */ = {
			isa = PBXVariantGroup;
			children = (
				D257B2761505518F001DBDCB /* en */,
			);
			name = InfoPlist.strings;
			sourceTree = "<group>";
		};
		D257B28C1505518F001DBDCB /* NKMasterViewController~iphone.xib */ = {
			isa = PBXVariantGroup;
			children = (
				D257B28D1505518F001DBDCB /* en */,
			);
			name = "NKMasterViewController~iphone.xib";
			sourceTree = "<group>";
		};
		D257B28F1505518F001DBDCB /* NKMasterViewController~ipad.xib */ = {
			isa = PBXVariantGroup;
			children = (
				D257B2901505518F001DBDCB /* en */,
			);
			name = "NKMasterViewController~ipad.xib";
			sourceTree = "<group>";
		};
		D257B2921505518F001DBDCB /* NKViewController~iphone.xib */ = {
			isa = PBXVariantGroup;
			children = (
				D257B2931505518F001DBDCB /* en */,
			);
			name = "NKViewController~iphone.xib";
			sourceTree = "<group>";
		};
		D257B2951505518F001DBDCB /* NKViewController~ipad.xib */ = {
			isa = PBXVariantGroup;
			children = (
				D257B2961505518F001DBDCB /* en */,
			);
			name = "NKViewController~ipad.xib";
			sourceTree = "<group>";
		};
		D257B2A715055190001DBDCB /* InfoPlist.strings */ = {
			isa = PBXVariantGroup;
			children = (
				D257B2A815055190001DBDCB /* en */,
			);
			name = InfoPlist.strings;
			sourceTree = "<group>";
		};
/* End PBXVariantGroup section */

/* Begin XCBuildConfiguration section */
		D257B2AD15055190001DBDCB /* Debug */ = {
			isa = XCBuildConfiguration;
			buildSettings = {
				ALWAYS_SEARCH_USER_PATHS = NO;
				ARCHS = "$(ARCHS_STANDARD_32_BIT)";
				"CODE_SIGN_IDENTITY[sdk=iphoneos*]" = "iPhone Developer";
				COPY_PHASE_STRIP = NO;
				GCC_C_LANGUAGE_STANDARD = gnu99;
				GCC_DYNAMIC_NO_PIC = NO;
				GCC_OPTIMIZATION_LEVEL = 0;
				GCC_PREPROCESSOR_DEFINITIONS = (
					"DEBUG=1",
					"$(inherited)",
				);
				GCC_SYMBOLS_PRIVATE_EXTERN = NO;
				GCC_VERSION = com.apple.compilers.llvm.clang.1_0;
				GCC_WARN_ABOUT_RETURN_TYPE = YES;
				GCC_WARN_UNINITIALIZED_AUTOS = YES;
				GCC_WARN_UNUSED_VARIABLE = YES;
				IPHONEOS_DEPLOYMENT_TARGET = 5.0;
				SDKROOT = iphoneos;
				TARGETED_DEVICE_FAMILY = "1,2";
			};
			name = Debug;
		};
		D257B2AE15055190001DBDCB /* Release */ = {
			isa = XCBuildConfiguration;
			buildSettings = {
				ALWAYS_SEARCH_USER_PATHS = NO;
				ARCHS = "$(ARCHS_STANDARD_32_BIT)";
				"CODE_SIGN_IDENTITY[sdk=iphoneos*]" = "iPhone Developer";
				COPY_PHASE_STRIP = YES;
				GCC_C_LANGUAGE_STANDARD = gnu99;
				GCC_VERSION = com.apple.compilers.llvm.clang.1_0;
				GCC_WARN_ABOUT_RETURN_TYPE = YES;
				GCC_WARN_UNINITIALIZED_AUTOS = YES;
				GCC_WARN_UNUSED_VARIABLE = YES;
				IPHONEOS_DEPLOYMENT_TARGET = 5.0;
				OTHER_CFLAGS = "-DNS_BLOCK_ASSERTIONS=1";
				SDKROOT = iphoneos;
				TARGETED_DEVICE_FAMILY = "1,2";
				VALIDATE_PRODUCT = YES;
			};
			name = Release;
		};
		D257B2B015055190001DBDCB /* Debug */ = {
			isa = XCBuildConfiguration;
			buildSettings = {
				GCC_PRECOMPILE_PREFIX_HEADER = YES;
				GCC_PREFIX_HEADER = "Project/NKTabSplit-Prefix.pch";
				INFOPLIST_FILE = "Project/NKTabSplit-Info.plist";
				PRODUCT_NAME = NKTabSplit;
				WRAPPER_EXTENSION = app;
			};
			name = Debug;
		};
		D257B2B115055190001DBDCB /* Release */ = {
			isa = XCBuildConfiguration;
			buildSettings = {
				GCC_PRECOMPILE_PREFIX_HEADER = YES;
				GCC_PREFIX_HEADER = "Project/NKTabSplit-Prefix.pch";
				INFOPLIST_FILE = "Project/NKTabSplit-Info.plist";
				PRODUCT_NAME = NKTabSplit;
				WRAPPER_EXTENSION = app;
			};
			name = Release;
		};
		D257B2B315055190001DBDCB /* Debug */ = {
			isa = XCBuildConfiguration;
			buildSettings = {
				BUNDLE_LOADER = "$(BUILT_PRODUCTS_DIR)/NKTabSplit.app/NKTabSplit";
				FRAMEWORK_SEARCH_PATHS = (
					"$(SDKROOT)/Developer/Library/Frameworks",
					"$(DEVELOPER_LIBRARY_DIR)/Frameworks",
				);
				GCC_PRECOMPILE_PREFIX_HEADER = YES;
				GCC_PREFIX_HEADER = "Project/NKTabSplit-Prefix.pch";
				INFOPLIST_FILE = "Tests/NKTabSplitTests-Info.plist";
				PRODUCT_NAME = NKTabSplitTests;
				TEST_HOST = "$(BUNDLE_LOADER)";
				WRAPPER_EXTENSION = octest;
			};
			name = Debug;
		};
		D257B2B415055190001DBDCB /* Release */ = {
			isa = XCBuildConfiguration;
			buildSettings = {
				BUNDLE_LOADER = "$(BUILT_PRODUCTS_DIR)/NKTabSplit.app/NKTabSplit";
				FRAMEWORK_SEARCH_PATHS = (
					"$(SDKROOT)/Developer/Library/Frameworks",
					"$(DEVELOPER_LIBRARY_DIR)/Frameworks",
				);
				GCC_PRECOMPILE_PREFIX_HEADER = YES;
				GCC_PREFIX_HEADER = "Project/NKTabSplit-Prefix.pch";
				INFOPLIST_FILE = "Tests/NKTabSplitTests-Info.plist";
				PRODUCT_NAME = NKTabSplitTests;
				TEST_HOST = "$(BUNDLE_LOADER)";
				WRAPPER_EXTENSION = octest;
			};
			name = Release;
		};
/* End XCBuildConfiguration section */

/* Begin XCConfigurationList section */
		D257B2621505518F001DBDCB /* Build configuration list for PBXProject "NKTabSplit" */ = {
			isa = XCConfigurationList;
			buildConfigurations = (
				D257B2AD15055190001DBDCB /* Debug */,
				D257B2AE15055190001DBDCB /* Release */,
			);
			defaultConfigurationIsVisible = 0;
			defaultConfigurationName = Release;
		};
		D257B2AF15055190001DBDCB /* Build configuration list for PBXNativeTarget "NKTabSplit" */ = {
			isa = XCConfigurationList;
			buildConfigurations = (
				D257B2B015055190001DBDCB /* Debug */,
				D257B2B115055190001DBDCB /* Release */,
			);
			defaultConfigurationIsVisible = 0;
			defaultConfigurationName = Release;
		};
		D257B2B215055190001DBDCB /* Build configuration list for PBXNativeTarget "NKTabSplitTests" */ = {
			isa = XCConfigurationList;
			buildConfigurations = (
				D257B2B315055190001DBDCB /* Debug */,
				D257B2B415055190001DBDCB /* Release */,
			);
			defaultConfigurationIsVisible = 0;
			defaultConfigurationName = Release;
		};
/* End XCConfigurationList section */

/* Begin XCVersionGroup section */
		D2CDF97C1506F1FF00E9326F /* NKData.xcdatamodeld */ = {
			isa = XCVersionGroup;
			children = (
				D2CDF97D1506F1FF00E9326F /* NKData.xcdatamodel */,
			);
			currentVersion = D2CDF97D1506F1FF00E9326F /* NKData.xcdatamodel */;
			path = NKData.xcdatamodeld;
			sourceTree = "<group>";
			versionGroupType = wrapper.xcdatamodel;
		};
/* End XCVersionGroup section */
	};
	rootObject = D257B25F1505518F001DBDCB /* Project object */;
}
